
Microsoft Visual Studio Solution File, Format Version 12.00
# Visual Studio Version 17
VisualStudioVersion = 17.11.35327.3
MinimumVisualStudioVersion = 10.0.40219.1
Project("{00D1A9C2-B5F0-4AF3-8072-F6C62B433612}") = "Testserverproj", "Testserverproj\Testserverproj.sqlproj", "{0530F14C-F1D7-4635-B575-ED3336A1BE9C}"
EndProject
Global
	GlobalSection(SolutionConfigurationPlatforms) = preSolution
		Debug|Any CPU = Debug|Any CPU
		Release|Any CPU = Release|Any CPU
	EndGlobalSection
	GlobalSection(ProjectConfigurationPlatforms) = postSolution
		{0530F14C-F1D7-4635-B575-ED3336A1BE9C}.Debug|Any CPU.ActiveCfg = Debug|Any CPU
		{0530F14C-F1D7-4635-B575-ED3336A1BE9C}.Debug|Any CPU.Build.0 = Debug|Any CPU
		{0530F14C-F1D7-4635-B575-ED3336A1BE9C}.Debug|Any CPU.Deploy.0 = Debug|Any CPU
		{0530F14C-F1D7-4635-B575-ED3336A1BE9C}.Release|Any CPU.ActiveCfg = Release|Any CPU
		{0530F14C-F1D7-4635-B575-ED3336A1BE9C}.Release|Any CPU.Build.0 = Release|Any CPU
		{0530F14C-F1D7-4635-B575-ED3336A1BE9C}.Release|Any CPU.Deploy.0 = Release|Any CPU
	EndGlobalSection
	GlobalSection(SolutionProperties) = preSolution
		HideSolutionNode = FALSE
	EndGlobalSection
	GlobalSection(ExtensibilityGlobals) = postSolution
		SolutionGuid = {A5265ACE-7951-4A34-96FF-3E16DFD6B087}
	EndGlobalSection
EndGlobal
